
Microsoft Visual Studio Solution File, Format Version 12.00
# Visual Studio 14
VisualStudioVersion = 14.0.25420.1
MinimumVisualStudioVersion = 10.0.40219.1
Project("{FAE04EC0-301F-11D3-BF4B-00C04F79EFBC}") = "H1-1", "1-1\H1-1.csproj", "{AF10DA3E-A42C-41C3-BD18-E553B6245B82}"
EndProject
Project("{FAE04EC0-301F-11D3-BF4B-00C04F79EFBC}") = "H1-2", "H1-2\H1-2.csproj", "{AEF9C843-ACB2-4690-8C2A-6D839966EB60}"
EndProject
Project("{FAE04EC0-301F-11D3-BF4B-00C04F79EFBC}") = "H1-3", "H1-3\H1-3.csproj", "{89BA46A6-560F-4230-AF48-FB479BD3594E}"
EndProject
Project("{FAE04EC0-301F-11D3-BF4B-00C04F79EFBC}") = "H2-0-1", "H2-0-1\H2-0-1.csproj", "{79516B46-8C56-4E03-967D-BF8581E1AE88}"
EndProject
Project("{FAE04EC0-301F-11D3-BF4B-00C04F79EFBC}") = "H2-0-2", "H2-0-2\H2-0-2.csproj", "{1E5C9D34-3AE9-485A-9229-723CDCCF3855}"
EndProject
Project("{FAE04EC0-301F-11D3-BF4B-00C04F79EFBC}") = "H2-0-3", "H2-0-3\H2-0-3.csproj", "{E5B7134C-1485-413F-9575-85964DB50373}"
EndProject
Project("{FAE04EC0-301F-11D3-BF4B-00C04F79EFBC}") = "H2-1", "H2-1\H2-1.csproj", "{118F8A38-DC77-4588-BA2F-C8BE52496A17}"
EndProject
Project("{FAE04EC0-301F-11D3-BF4B-00C04F79EFBC}") = "H2-2", "H2-2\H2-2.csproj", "{F9B60723-578D-43E6-AE22-3A804B74C8DE}"
EndProject
Project("{FAE04EC0-301F-11D3-BF4B-00C04F79EFBC}") = "H2-3", "H2-3\H2-3.csproj", "{23025000-9C28-4350-B79D-2A8520D0C107}"
EndProject
Global
	GlobalSection(SolutionConfigurationPlatforms) = preSolution
		Debug|Any CPU = Debug|Any CPU
		Debug|ARM = Debug|ARM
		Debug|x64 = Debug|x64
		Debug|x86 = Debug|x86
		Release|Any CPU = Release|Any CPU
		Release|ARM = Release|ARM
		Release|x64 = Release|x64
		Release|x86 = Release|x86
	EndGlobalSection
	GlobalSection(ProjectConfigurationPlatforms) = postSolution
		{AF10DA3E-A42C-41C3-BD18-E553B6245B82}.Debug|Any CPU.ActiveCfg = Debug|Any CPU
		{AF10DA3E-A42C-41C3-BD18-E553B6245B82}.Debug|Any CPU.Build.0 = Debug|Any CPU
		{AF10DA3E-A42C-41C3-BD18-E553B6245B82}.Debug|ARM.ActiveCfg = Debug|Any CPU
		{AF10DA3E-A42C-41C3-BD18-E553B6245B82}.Debug|ARM.Build.0 = Debug|Any CPU
		{AF10DA3E-A42C-41C3-BD18-E553B6245B82}.Debug|x64.ActiveCfg = Debug|Any CPU
		{AF10DA3E-A42C-41C3-BD18-E553B6245B82}.Debug|x64.Build.0 = Debug|Any CPU
		{AF10DA3E-A42C-41C3-BD18-E553B6245B82}.Debug|x86.ActiveCfg = Debug|Any CPU
		{AF10DA3E-A42C-41C3-BD18-E553B6245B82}.Debug|x86.Build.0 = Debug|Any CPU
		{AF10DA3E-A42C-41C3-BD18-E553B6245B82}.Release|Any CPU.ActiveCfg = Release|Any CPU
		{AF10DA3E-A42C-41C3-BD18-E553B6245B82}.Release|Any CPU.Build.0 = Release|Any CPU
		{AF10DA3E-A42C-41C3-BD18-E553B6245B82}.Release|ARM.ActiveCfg = Release|Any CPU
		{AF10DA3E-A42C-41C3-BD18-E553B6245B82}.Release|ARM.Build.0 = Release|Any CPU
		{AF10DA3E-A42C-41C3-BD18-E553B6245B82}.Release|x64.ActiveCfg = Release|Any CPU
		{AF10DA3E-A42C-41C3-BD18-E553B6245B82}.Release|x64.Build.0 = Release|Any CPU
		{AF10DA3E-A42C-41C3-BD18-E553B6245B82}.Release|x86.ActiveCfg = Release|Any CPU
		{AF10DA3E-A42C-41C3-BD18-E553B6245B82}.Release|x86.Build.0 = Release|Any CPU
		{AEF9C843-ACB2-4690-8C2A-6D839966EB60}.Debug|Any CPU.ActiveCfg = Debug|Any CPU
		{AEF9C843-ACB2-4690-8C2A-6D839966EB60}.Debug|Any CPU.Build.0 = Debug|Any CPU
		{AEF9C843-ACB2-4690-8C2A-6D839966EB60}.Debug|ARM.ActiveCfg = Debug|Any CPU
		{AEF9C843-ACB2-4690-8C2A-6D839966EB60}.Debug|ARM.Build.0 = Debug|Any CPU
		{AEF9C843-ACB2-4690-8C2A-6D839966EB60}.Debug|x64.ActiveCfg = Debug|Any CPU
		{AEF9C843-ACB2-4690-8C2A-6D839966EB60}.Debug|x64.Build.0 = Debug|Any CPU
		{AEF9C843-ACB2-4690-8C2A-6D839966EB60}.Debug|x86.ActiveCfg = Debug|Any CPU
		{AEF9C843-ACB2-4690-8C2A-6D839966EB60}.Debug|x86.Build.0 = Debug|Any CPU
		{AEF9C843-ACB2-4690-8C2A-6D839966EB60}.Release|Any CPU.ActiveCfg = Release|Any CPU
		{AEF9C843-ACB2-4690-8C2A-6D839966EB60}.Release|Any CPU.Build.0 = Release|Any CPU
		{AEF9C843-ACB2-4690-8C2A-6D839966EB60}.Release|ARM.ActiveCfg = Release|Any CPU
		{AEF9C843-ACB2-4690-8C2A-6D839966EB60}.Release|ARM.Build.0 = Release|Any CPU
		{AEF9C843-ACB2-4690-8C2A-6D839966EB60}.Release|x64.ActiveCfg = Release|Any CPU
		{AEF9C843-ACB2-4690-8C2A-6D839966EB60}.Release|x64.Build.0 = Release|Any CPU
		{AEF9C843-ACB2-4690-8C2A-6D839966EB60}.Release|x86.ActiveCfg = Release|Any CPU
		{AEF9C843-ACB2-4690-8C2A-6D839966EB60}.Release|x86.Build.0 = Release|Any CPU
		{89BA46A6-560F-4230-AF48-FB479BD3594E}.Debug|Any CPU.ActiveCfg = Debug|Any CPU
		{89BA46A6-560F-4230-AF48-FB479BD3594E}.Debug|Any CPU.Build.0 = Debug|Any CPU
		{89BA46A6-560F-4230-AF48-FB479BD3594E}.Debug|ARM.ActiveCfg = Debug|Any CPU
		{89BA46A6-560F-4230-AF48-FB479BD3594E}.Debug|ARM.Build.0 = Debug|Any CPU
		{89BA46A6-560F-4230-AF48-FB479BD3594E}.Debug|x64.ActiveCfg = Debug|Any CPU
		{89BA46A6-560F-4230-AF48-FB479BD3594E}.Debug|x64.Build.0 = Debug|Any CPU
		{89BA46A6-560F-4230-AF48-FB479BD3594E}.Debug|x86.ActiveCfg = Debug|Any CPU
		{89BA46A6-560F-4230-AF48-FB479BD3594E}.Debug|x86.Build.0 = Debug|Any CPU
		{89BA46A6-560F-4230-AF48-FB479BD3594E}.Release|Any CPU.ActiveCfg = Release|Any CPU
		{89BA46A6-560F-4230-AF48-FB479BD3594E}.Release|Any CPU.Build.0 = Release|Any CPU
		{89BA46A6-560F-4230-AF48-FB479BD3594E}.Release|ARM.ActiveCfg = Release|Any CPU
		{89BA46A6-560F-4230-AF48-FB479BD3594E}.Release|ARM.Build.0 = Release|Any CPU
		{89BA46A6-560F-4230-AF48-FB479BD3594E}.Release|x64.ActiveCfg = Release|Any CPU
		{89BA46A6-560F-4230-AF48-FB479BD3594E}.Release|x64.Build.0 = Release|Any CPU
		{89BA46A6-560F-4230-AF48-FB479BD3594E}.Release|x86.ActiveCfg = Release|Any CPU
		{89BA46A6-560F-4230-AF48-FB479BD3594E}.Release|x86.Build.0 = Release|Any CPU
		{79516B46-8C56-4E03-967D-BF8581E1AE88}.Debug|Any CPU.ActiveCfg = Debug|Any CPU
		{79516B46-8C56-4E03-967D-BF8581E1AE88}.Debug|Any CPU.Build.0 = Debug|Any CPU
		{79516B46-8C56-4E03-967D-BF8581E1AE88}.Debug|ARM.ActiveCfg = Debug|Any CPU
		{79516B46-8C56-4E03-967D-BF8581E1AE88}.Debug|ARM.Build.0 = Debug|Any CPU
		{79516B46-8C56-4E03-967D-BF8581E1AE88}.Debug|x64.ActiveCfg = Debug|Any CPU
		{79516B46-8C56-4E03-967D-BF8581E1AE88}.Debug|x64.Build.0 = Debug|Any CPU
		{79516B46-8C56-4E03-967D-BF8581E1AE88}.Debug|x86.ActiveCfg = Debug|Any CPU
		{79516B46-8C56-4E03-967D-BF8581E1AE88}.Debug|x86.Build.0 = Debug|Any CPU
		{79516B46-8C56-4E03-967D-BF8581E1AE88}.Release|Any CPU.ActiveCfg = Release|Any CPU
		{79516B46-8C56-4E03-967D-BF8581E1AE88}.Release|Any CPU.Build.0 = Release|Any CPU
		{79516B46-8C56-4E03-967D-BF8581E1AE88}.Release|ARM.ActiveCfg = Release|Any CPU
		{79516B46-8C56-4E03-967D-BF8581E1AE88}.Release|ARM.Build.0 = Release|Any CPU
		{79516B46-8C56-4E03-967D-BF8581E1AE88}.Release|x64.ActiveCfg = Release|Any CPU
		{79516B46-8C56-4E03-967D-BF8581E1AE88}.Release|x64.Build.0 = Release|Any CPU
		{79516B46-8C56-4E03-967D-BF8581E1AE88}.Release|x86.ActiveCfg = Release|Any CPU
		{79516B46-8C56-4E03-967D-BF8581E1AE88}.Release|x86.Build.0 = Release|Any CPU
		{1E5C9D34-3AE9-485A-9229-723CDCCF3855}.Debug|Any CPU.ActiveCfg = Debug|Any CPU
		{1E5C9D34-3AE9-485A-9229-723CDCCF3855}.Debug|Any CPU.Build.0 = Debug|Any CPU
		{1E5C9D34-3AE9-485A-9229-723CDCCF3855}.Debug|ARM.ActiveCfg = Debug|Any CPU
		{1E5C9D34-3AE9-485A-9229-723CDCCF3855}.Debug|ARM.Build.0 = Debug|Any CPU
		{1E5C9D34-3AE9-485A-9229-723CDCCF3855}.Debug|x64.ActiveCfg = Debug|Any CPU
		{1E5C9D34-3AE9-485A-9229-723CDCCF3855}.Debug|x64.Build.0 = Debug|Any CPU
		{1E5C9D34-3AE9-485A-9229-723CDCCF3855}.Debug|x86.ActiveCfg = Debug|Any CPU
		{1E5C9D34-3AE9-485A-9229-723CDCCF3855}.Debug|x86.Build.0 = Debug|Any CPU
		{1E5C9D34-3AE9-485A-9229-723CDCCF3855}.Release|Any CPU.ActiveCfg = Release|Any CPU
		{1E5C9D34-3AE9-485A-9229-723CDCCF3855}.Release|Any CPU.Build.0 = Release|Any CPU
		{1E5C9D34-3AE9-485A-9229-723CDCCF3855}.Release|ARM.ActiveCfg = Release|Any CPU
		{1E5C9D34-3AE9-485A-9229-723CDCCF3855}.Release|ARM.Build.0 = Release|Any CPU
		{1E5C9D34-3AE9-485A-9229-723CDCCF3855}.Release|x64.ActiveCfg = Release|Any CPU
		{1E5C9D34-3AE9-485A-9229-723CDCCF3855}.Release|x64.Build.0 = Release|Any CPU
		{1E5C9D34-3AE9-485A-9229-723CDCCF3855}.Release|x86.ActiveCfg = Release|Any CPU
		{1E5C9D34-3AE9-485A-9229-723CDCCF3855}.Release|x86.Build.0 = Release|Any CPU
		{E5B7134C-1485-413F-9575-85964DB50373}.Debug|Any CPU.ActiveCfg = Debug|x86
		{E5B7134C-1485-413F-9575-85964DB50373}.Debug|ARM.ActiveCfg = Debug|ARM
		{E5B7134C-1485-413F-9575-85964DB50373}.Debug|ARM.Build.0 = Debug|ARM
		{E5B7134C-1485-413F-9575-85964DB50373}.Debug|ARM.Deploy.0 = Debug|ARM
		{E5B7134C-1485-413F-9575-85964DB50373}.Debug|x64.ActiveCfg = Debug|x64
		{E5B7134C-1485-413F-9575-85964DB50373}.Debug|x64.Build.0 = Debug|x64
		{E5B7134C-1485-413F-9575-85964DB50373}.Debug|x64.Deploy.0 = Debug|x64
		{E5B7134C-1485-413F-9575-85964DB50373}.Debug|x86.ActiveCfg = Debug|x86
		{E5B7134C-1485-413F-9575-85964DB50373}.Debug|x86.Build.0 = Debug|x86
		{E5B7134C-1485-413F-9575-85964DB50373}.Debug|x86.Deploy.0 = Debug|x86
		{E5B7134C-1485-413F-9575-85964DB50373}.Release|Any CPU.ActiveCfg = Release|x86
		{E5B7134C-1485-413F-9575-85964DB50373}.Release|ARM.ActiveCfg = Release|ARM
		{E5B7134C-1485-413F-9575-85964DB50373}.Release|ARM.Build.0 = Release|ARM
		{E5B7134C-1485-413F-9575-85964DB50373}.Release|ARM.Deploy.0 = Release|ARM
		{E5B7134C-1485-413F-9575-85964DB50373}.Release|x64.ActiveCfg = Release|x64
		{E5B7134C-1485-413F-9575-85964DB50373}.Release|x64.Build.0 = Release|x64
		{E5B7134C-1485-413F-9575-85964DB50373}.Release|x64.Deploy.0 = Release|x64
		{E5B7134C-1485-413F-9575-85964DB50373}.Release|x86.ActiveCfg = Release|x86
		{E5B7134C-1485-413F-9575-85964DB50373}.Release|x86.Build.0 = Release|x86
		{E5B7134C-1485-413F-9575-85964DB50373}.Release|x86.Deploy.0 = Release|x86
		{118F8A38-DC77-4588-BA2F-C8BE52496A17}.Debug|Any CPU.ActiveCfg = Debug|Any CPU
		{118F8A38-DC77-4588-BA2F-C8BE52496A17}.Debug|Any CPU.Build.0 = Debug|Any CPU
		{118F8A38-DC77-4588-BA2F-C8BE52496A17}.Debug|ARM.ActiveCfg = Debug|Any CPU
		{118F8A38-DC77-4588-BA2F-C8BE52496A17}.Debug|ARM.Build.0 = Debug|Any CPU
		{118F8A38-DC77-4588-BA2F-C8BE52496A17}.Debug|x64.ActiveCfg = Debug|Any CPU
		{118F8A38-DC77-4588-BA2F-C8BE52496A17}.Debug|x64.Build.0 = Debug|Any CPU
		{118F8A38-DC77-4588-BA2F-C8BE52496A17}.Debug|x86.ActiveCfg = Debug|Any CPU
		{118F8A38-DC77-4588-BA2F-C8BE52496A17}.Debug|x86.Build.0 = Debug|Any CPU
		{118F8A38-DC77-4588-BA2F-C8BE52496A17}.Release|Any CPU.ActiveCfg = Release|Any CPU
		{118F8A38-DC77-4588-BA2F-C8BE52496A17}.Release|Any CPU.Build.0 = Release|Any CPU
		{118F8A38-DC77-4588-BA2F-C8BE52496A17}.Release|ARM.ActiveCfg = Release|Any CPU
		{118F8A38-DC77-4588-BA2F-C8BE52496A17}.Release|ARM.Build.0 = Release|Any CPU
		{118F8A38-DC77-4588-BA2F-C8BE52496A17}.Release|x64.ActiveCfg = Release|Any CPU
		{118F8A38-DC77-4588-BA2F-C8BE52496A17}.Release|x64.Build.0 = Release|Any CPU
		{118F8A38-DC77-4588-BA2F-C8BE52496A17}.Release|x86.ActiveCfg = Release|Any CPU
		{118F8A38-DC77-4588-BA2F-C8BE52496A17}.Release|x86.Build.0 = Release|Any CPU
		{F9B60723-578D-43E6-AE22-3A804B74C8DE}.Debug|Any CPU.ActiveCfg = Debug|Any CPU
		{F9B60723-578D-43E6-AE22-3A804B74C8DE}.Debug|Any CPU.Build.0 = Debug|Any CPU
		{F9B60723-578D-43E6-AE22-3A804B74C8DE}.Debug|ARM.ActiveCfg = Debug|Any CPU
		{F9B60723-578D-43E6-AE22-3A804B74C8DE}.Debug|ARM.Build.0 = Debug|Any CPU
		{F9B60723-578D-43E6-AE22-3A804B74C8DE}.Debug|x64.ActiveCfg = Debug|Any CPU
		{F9B60723-578D-43E6-AE22-3A804B74C8DE}.Debug|x64.Build.0 = Debug|Any CPU
		{F9B60723-578D-43E6-AE22-3A804B74C8DE}.Debug|x86.ActiveCfg = Debug|Any CPU
		{F9B60723-578D-43E6-AE22-3A804B74C8DE}.Debug|x86.Build.0 = Debug|Any CPU
		{F9B60723-578D-43E6-AE22-3A804B74C8DE}.Release|Any CPU.ActiveCfg = Release|Any CPU
		{F9B60723-578D-43E6-AE22-3A804B74C8DE}.Release|Any CPU.Build.0 = Release|Any CPU
		{F9B60723-578D-43E6-AE22-3A804B74C8DE}.Release|ARM.ActiveCfg = Release|Any CPU
		{F9B60723-578D-43E6-AE22-3A804B74C8DE}.Release|ARM.Build.0 = Release|Any CPU
		{F9B60723-578D-43E6-AE22-3A804B74C8DE}.Release|x64.ActiveCfg = Release|Any CPU
		{F9B60723-578D-43E6-AE22-3A804B74C8DE}.Release|x64.Build.0 = Release|Any CPU
		{F9B60723-578D-43E6-AE22-3A804B74C8DE}.Release|x86.ActiveCfg = Release|Any CPU
		{F9B60723-578D-43E6-AE22-3A804B74C8DE}.Release|x86.Build.0 = Release|Any CPU
		{23025000-9C28-4350-B79D-2A8520D0C107}.Debug|Any CPU.ActiveCfg = Debug|Any CPU
		{23025000-9C28-4350-B79D-2A8520D0C107}.Debug|Any CPU.Build.0 = Debug|Any CPU
		{23025000-9C28-4350-B79D-2A8520D0C107}.Debug|ARM.ActiveCfg = Debug|Any CPU
		{23025000-9C28-4350-B79D-2A8520D0C107}.Debug|ARM.Build.0 = Debug|Any CPU
		{23025000-9C28-4350-B79D-2A8520D0C107}.Debug|x64.ActiveCfg = Debug|Any CPU
		{23025000-9C28-4350-B79D-2A8520D0C107}.Debug|x64.Build.0 = Debug|Any CPU
		{23025000-9C28-4350-B79D-2A8520D0C107}.Debug|x86.ActiveCfg = Debug|Any CPU
		{23025000-9C28-4350-B79D-2A8520D0C107}.Debug|x86.Build.0 = Debug|Any CPU
		{23025000-9C28-4350-B79D-2A8520D0C107}.Release|Any CPU.ActiveCfg = Release|Any CPU
		{23025000-9C28-4350-B79D-2A8520D0C107}.Release|Any CPU.Build.0 = Release|Any CPU
		{23025000-9C28-4350-B79D-2A8520D0C107}.Release|ARM.ActiveCfg = Release|Any CPU
		{23025000-9C28-4350-B79D-2A8520D0C107}.Release|ARM.Build.0 = Release|Any CPU
		{23025000-9C28-4350-B79D-2A8520D0C107}.Release|x64.ActiveCfg = Release|Any CPU
		{23025000-9C28-4350-B79D-2A8520D0C107}.Release|x64.Build.0 = Release|Any CPU
		{23025000-9C28-4350-B79D-2A8520D0C107}.Release|x86.ActiveCfg = Release|Any CPU
		{23025000-9C28-4350-B79D-2A8520D0C107}.Release|x86.Build.0 = Release|Any CPU
	EndGlobalSection
	GlobalSection(SolutionProperties) = preSolution
		HideSolutionNode = FALSE
	EndGlobalSection
EndGlobal
